{
  "name": "sheet-utils",
  "lockfileVersion": 2,
  "requires": true,
  "packages": {
    "": {
      "dependencies": {
        "@types/google-apps-script": "^1.0.33"
      },
      "devDependencies": {
        "typescript": "^4.3.2"
      }
    },
    "node_modules/@types/google-apps-script": {
      "version": "1.0.33",
      "resolved": "https://registry.npmjs.org/@types/google-apps-script/-/google-apps-script-1.0.33.tgz",
      "integrity": "sha512-9UxTHvxHwAOINtbKWAz0gn7WL41m3YwGQNpTrYERyqwQw+cBnKi4Dl3f5AtsA9o6XyhsIvrIiOvDR8O6A8SVjA=="
    },
    "node_modules/typescript": {
      "version": "4.3.2",
      "resolved": "https://registry.npmjs.org/typescript/-/typescript-4.3.2.tgz",
      "integrity": "sha512-zZ4hShnmnoVnAHpVHWpTcxdv7dWP60S2FsydQLV8V5PbS3FifjWFFRiHSWpDJahly88PRyV5teTSLoq4eG7mKw==",
      "dev": true,
      "bin": {
        "tsc": "bin/tsc",
        "tsserver": "bin/tsserver"
      },
      "engines": {
        "node": ">=4.2.0"
      }
    }
  },
  "dependencies": {
    "@types/google-apps-script": {
      "version": "1.0.33",
      "resolved": "https://registry.npmjs.org/@types/google-apps-script/-/google-apps-script-1.0.33.tgz",
      "integrity": "sha512-9UxTHvxHwAOINtbKWAz0gn7WL41m3YwGQNpTrYERyqwQw+cBnKi4Dl3f5AtsA9o6XyhsIvrIiOvDR8O6A8SVjA=="
    },
    "typescript": {
      "version": "4.3.2",
      "resolved": "https://registry.npmjs.org/typescript/-/typescript-4.3.2.tgz",
      "integrity": "sha512-zZ4hShnmnoVnAHpVHWpTcxdv7dWP60S2FsydQLV8V5PbS3FifjWFFRiHSWpDJahly88PRyV5teTSLoq4eG7mKw==",
      "dev": true
    }
  }
}
